# THIS IS AN AUTOGENERATED FILE. DO NOT EDIT THIS FILE DIRECTLY.
# yarn lockfile v1


"@esbuild/linux-loong64@0.15.2":
  version "0.15.2"
  resolved "https://registry.yarnpkg.com/@esbuild/linux-loong64/-/linux-loong64-0.15.2.tgz#e8b88813c3a1734504f43315147ebb9bf488bbe4"
  integrity sha512-lcfRxKY3CIBFop9slpNu04+fGro1S0QN5n+HrbOwR6eHHdYeidvMtSVK4vbbYmEMwQr3MFAt2yU6bhwl4dqL/A==

"@types/glob@*":
  version "7.2.0"
  resolved "https://registry.yarnpkg.com/@types/glob/-/glob-7.2.0.tgz#bc1b5bf3aa92f25bd5dd39f35c57361bdce5b2eb"
  integrity sha512-ZUxbzKl0IfJILTS6t7ip5fQQM/J3TJYubDm3nMbgubNNYS62eXeUpoLUC8/7fJNiFYHTrGPQn7hspDUzIHX3UA==
  dependencies:
    "@types/minimatch" "*"
    "@types/node" "*"

"@types/minimatch@*":
  version "3.0.5"
  resolved "https://registry.yarnpkg.com/@types/minimatch/-/minimatch-3.0.5.tgz#1001cc5e6a3704b83c236027e77f2f58ea010f40"
  integrity sha512-Klz949h02Gz2uZCMGwDUSDS1YBlTdDDgbWHi+81l29tQALUtvz4rAYi5uoVhE5Lagoq6DeqAUlbrHvW/mXDgdQ==

"@types/node@*", "@types/node@^18.7.3":
  version "18.7.3"
  resolved "https://registry.yarnpkg.com/@types/node/-/node-18.7.3.tgz#432c89796eab539b7a30b7b8801a727b585238a4"
  integrity sha512-LJgzOEwWuMTBxHzgBR/fhhBOWrvBjvO+zPteUgbbuQi80rYIZHrk1mNbRUqPZqSLP2H7Rwt1EFLL/tNLD1Xx/w==

"@types/rimraf@^3.0.2":
  version "3.0.2"
  resolved "https://registry.yarnpkg.com/@types/rimraf/-/rimraf-3.0.2.tgz#a63d175b331748e5220ad48c901d7bbf1f44eef8"
  integrity sha512-F3OznnSLAUxFrCEu/L5PY8+ny8DtcFRjx7fZZ9bycvXRi3KPTRS9HOitGZwvPg0juRhXFWIeKX58cnX5YqLohQ==
  dependencies:
    "@types/glob" "*"
    "@types/node" "*"

"@types/yargs-parser@*":
  version "21.0.0"
  resolved "https://registry.yarnpkg.com/@types/yargs-parser/-/yargs-parser-21.0.0.tgz#0c60e537fa790f5f9472ed2776c2b71ec117351b"
  integrity sha512-iO9ZQHkZxHn4mSakYV0vFHAVDyEOIJQrV2uZ06HxEPcx+mt8swXoZHIbaaJ2crJYFfErySgktuTZ3BeLz+XmFA==

"@types/yargs@^17.0.11":
  version "17.0.11"
  resolved "https://registry.yarnpkg.com/@types/yargs/-/yargs-17.0.11.tgz#5e10ca33e219807c0eee0f08b5efcba9b6a42c06"
  integrity sha512-aB4y9UDUXTSMxmM4MH+YnuR0g5Cph3FLQBoWoMB21DSvFVAxRVEHEMx3TLh+zUZYMCQtKiqazz0Q4Rre31f/OA==
  dependencies:
    "@types/yargs-parser" "*"

ansi-regex@^5.0.1:
  version "5.0.1"
  resolved "https://registry.yarnpkg.com/ansi-regex/-/ansi-regex-5.0.1.tgz#082cb2c89c9fe8659a311a53bd6a4dc5301db304"
  integrity sha512-quJQXlTSUGL2LH9SUXo8VwsY4soanhgo6LNSm84E1LBcE8s3O0wpdiRzyR9z/ZZJMlMWv37qOOb9pdJlMUEKFQ==

ansi-styles@^4.0.0:
  version "4.3.0"
  resolved "https://registry.yarnpkg.com/ansi-styles/-/ansi-styles-4.3.0.tgz#edd803628ae71c04c85ae7a0906edad34b648937"
  integrity sha512-zbB9rCJAT1rbjiVDb2hqKFHNYLxgtk8NURxZ3IZwD3F6NtxbXZQCnnSi1Lkx+IDohdPlFp222wVALIheZJQSEg==
  dependencies:
    color-convert "^2.0.1"

cliui@^7.0.2:
  version "7.0.4"
  resolved "https://registry.yarnpkg.com/cliui/-/cliui-7.0.4.tgz#a0265ee655476fc807aea9df3df8df7783808b4f"
  integrity sha512-OcRE68cOsVMXp1Yvonl/fzkQOyjLSu/8bhPDfQt0e0/Eb283TKP20Fs2MqoPsr9SwA595rRCA+QMzYc9nBP+JQ==
  dependencies:
    string-width "^4.2.0"
    strip-ansi "^6.0.0"
    wrap-ansi "^7.0.0"

color-convert@^2.0.1:
  version "2.0.1"
  resolved "https://registry.yarnpkg.com/color-convert/-/color-convert-2.0.1.tgz#72d3a68d598c9bdb3af2ad1e84f21d896abd4de3"
  integrity sha512-RRECPsj7iu/xb5oKYcsFHSppFNnsj/52OVTRKb4zP5onXwVF3zVmmToNcOfGC+CRDpfK/U584fMg38ZHCaElKQ==
  dependencies:
    color-name "~1.1.4"

color-name@~1.1.4:
  version "1.1.4"
  resolved "https://registry.yarnpkg.com/color-name/-/color-name-1.1.4.tgz#c2a09a87acbde69543de6f63fa3995c826c536a2"
  integrity sha512-dOy+3AuW3a2wNbZHIuMZpTcgjGuLU/uBL/ubcZF9OXbDo8ff4O8yVp5Bf0efS8uEoYo5q4Fx7dY9OgQGXgAsQA==

emoji-regex@^8.0.0:
  version "8.0.0"
  resolved "https://registry.yarnpkg.com/emoji-regex/-/emoji-regex-8.0.0.tgz#e818fd69ce5ccfcb404594f842963bf53164cc37"
  integrity sha512-MSjYzcWNOA0ewAHpz0MxpYFvwg6yjy1NG3xteoqz644VCo/RPgnr1/GGt+ic3iJTzQ8Eu3TdM14SawnVUmGE6A==

esbuild-android-64@0.15.2:
  version "0.15.2"
  resolved "https://registry.yarnpkg.com/esbuild-android-64/-/esbuild-android-64-0.15.2.tgz#2fed9a4aedfdf7f3f06910c4bd8736ba0e3761c7"
  integrity sha512-lEyRmwmdkkKBpIOi0wKGheuCPECgl5/GCOQkhVpDFEj1lec3cinEk37EbD3f4PUvix1eAHtTa0UI1ga0Bznntg==

esbuild-android-arm64@0.15.2:
  version "0.15.2"
  resolved "https://registry.yarnpkg.com/esbuild-android-arm64/-/esbuild-android-arm64-0.15.2.tgz#1b2cc0220f21f84c466cebadea3a93cf8498e9de"
  integrity sha512-znXfd7QBNrpAVnB8ZP5Zj4a3ah5dPBPZwbn6v0f4Lub4iwwZJ1h34VWMuo2f7KZdIbl2axrei6FxlQncS8zzEw==

esbuild-darwin-64@0.15.2:
  version "0.15.2"
  resolved "https://registry.yarnpkg.com/esbuild-darwin-64/-/esbuild-darwin-64-0.15.2.tgz#a057f90662ba460ceefef756a05569db1a9240de"
  integrity sha512-keNq6K+qhEJ5kZ6L1UJGYjAnv6Kkpf2KjOjC6r0JMsX6ZAaXnA3OqqXJttEYzBKpZ+W6/T+paS4Slzk3N2bSvQ==

esbuild-darwin-arm64@0.15.2:
  version "0.15.2"
  resolved "https://registry.yarnpkg.com/esbuild-darwin-arm64/-/esbuild-darwin-arm64-0.15.2.tgz#0bc2cfcdc3417706ae4d09d1429e43b7109fa241"
  integrity sha512-H/0vtLB/dY+TVGsAskmyuaQ7qegNVi+A4N5a+vpPHPFutzoGjcj4tf/77jZ3UsMTlN1dq+Ldala1P1pf486L8Q==

esbuild-freebsd-64@0.15.2:
  version "0.15.2"
  resolved "https://registry.yarnpkg.com/esbuild-freebsd-64/-/esbuild-freebsd-64-0.15.2.tgz#be5e7c24ed8885103ecd51fdd1fd9b42b4466ab8"
  integrity sha512-KMskcfVTisa2h/xaOwmoWEBm6CVWbKbrnEAv3sEfOF0wodjQfcPvW7HAxatMGL7AW9PIUP6UXLCCCUUnxL2yLQ==

esbuild-freebsd-arm64@0.15.2:
  version "0.15.2"
  resolved "https://registry.yarnpkg.com/esbuild-freebsd-arm64/-/esbuild-freebsd-arm64-0.15.2.tgz#75446b5371ccb85433367e3badf446cb8ee62d80"
  integrity sha512-RJJ3c4L6XGfZeiFqphK58KL+3LfrmebMLgB9QJ0Gygmjx1F6tnLUrLwNBNXrpMT7X4bEtCvP9Gvhkt5HVTdt7g==

esbuild-linux-32@0.15.2:
  version "0.15.2"
  resolved "https://registry.yarnpkg.com/esbuild-linux-32/-/esbuild-linux-32-0.15.2.tgz#cfd208cca5951c3101ac7f6d632ff1e300c9a974"
  integrity sha512-GfCEEs+D+vBrluCUBFr3MP8/PH/fNc5xl2JbsHkwivBXlbORXf5m4Ts8vII9qPxEkLAUsoYx4Bjp+Ca0WqQ9tA==

esbuild-linux-64@0.15.2:
  version "0.15.2"
  resolved "https://registry.yarnpkg.com/esbuild-linux-64/-/esbuild-linux-64-0.15.2.tgz#3f076e64e4d979d20738d31bbe4187c18faa8bc4"
  integrity sha512-F6GfpZrcTisWFrJZdx73NNVjY64iOqhxFsdmnftHZFfeLG4KyJg9hO5kd6E+Rq3udoRk41jPS+fg0+iCyq5Utg==

esbuild-linux-arm64@0.15.2:
  version "0.15.2"
  resolved "https://registry.yarnpkg.com/esbuild-linux-arm64/-/esbuild-linux-arm64-0.15.2.tgz#2579a1fd741488060aa1f42bc81877b5e4646e1d"
  integrity sha512-CacsuBpOzU/WVWMS19iGHCrijgheCtmNb9mjlvpoxwLEVjHycc9/X+Pup6vp8dk5jRrhm/7lkY8Fbw9OxM+oug==

esbuild-linux-arm@0.15.2:
  version "0.15.2"
  resolved "https://registry.yarnpkg.com/esbuild-linux-arm/-/esbuild-linux-arm-0.15.2.tgz#5dc5ec6350ceb3c65c6be777ae80445afffa8a01"
  integrity sha512-u2YXH9ZCuyN9KwcpKCzhgUckBgy8O07oivv3cV/Z+WnFOjXhKFc+IY0v41nFODPEzEIbozMUx8boVexvHMXHDA==

esbuild-linux-mips64le@0.15.2:
  version "0.15.2"
  resolved "https://registry.yarnpkg.com/esbuild-linux-mips64le/-/esbuild-linux-mips64le-0.15.2.tgz#7a8f98e891c2a8647a690bb97eec70feddf31477"
  integrity sha512-VY8pEtXAEyPfVCP/SKPGxaiNF7b259Le0wvEPQTYMeJycAVfahBhpg/9qk2Ufd7mMVGT7G2izr86jJsvuiMVZw==

esbuild-linux-ppc64le@0.15.2:
  version "0.15.2"
  resolved "https://registry.yarnpkg.com/esbuild-linux-ppc64le/-/esbuild-linux-ppc64le-0.15.2.tgz#ccf18dc41add1c7a7dadd2a3994ab6b06708c45f"
  integrity sha512-+Sma8cuiVciTU+xuqErEU4hm8k2bMivqEXPGsXFPKJAV2XrLQlkT5zuPA4FWuKpxwVLUxxuYhkq0nv4j5Dv/3Q==

esbuild-linux-riscv64@0.15.2:
  version "0.15.2"
  resolved "https://registry.yarnpkg.com/esbuild-linux-riscv64/-/esbuild-linux-riscv64-0.15.2.tgz#677b86a39ebfe52a4318c4439a4b27c1fc10bc9a"
  integrity sha512-HkqtnuEiVq2VvqD6Wb9LEWAedbpxXkq7h3Imop6vaAQUr5z8HROfTyY349QsP9aGY3aF/NiBkX20C6vOqTex8A==

esbuild-linux-s390x@0.15.2:
  version "0.15.2"
  resolved "https://registry.yarnpkg.com/esbuild-linux-s390x/-/esbuild-linux-s390x-0.15.2.tgz#a683dc3995940e58a534814d57e3920ec61425d5"
  integrity sha512-nIqNFoovQRoz/YBm64xRWXT4yg5BtT2DXA8ogI8lJKy6B+mOKeOVVkvAbFU5YrvUq6AHhMuCsoa3CYFK5a4/vg==

esbuild-netbsd-64@0.15.2:
  version "0.15.2"
  resolved "https://registry.yarnpkg.com/esbuild-netbsd-64/-/esbuild-netbsd-64-0.15.2.tgz#c04f18e4e2b5b3ef9d4da9df15714cba8cc983b9"
  integrity sha512-CY5kHo3C3+aY1VBv76lDTe/D/+4nkhA6cE8ENRezeEvWmu8pPqnIVk1cy/jLNNPBYkbZiR30z/QeZy5yWsW1kg==

esbuild-openbsd-64@0.15.2:
  version "0.15.2"
  resolved "https://registry.yarnpkg.com/esbuild-openbsd-64/-/esbuild-openbsd-64-0.15.2.tgz#50092eda199b39ab5207bfd92135df0fdb67de74"
  integrity sha512-fXpQW8I6Lm9gJubvW/QjR1OwQQ4tMriVhxznJJmbaX7EYHtcog6Fy+xqbl+YUBZ3dxmEBkBXd6LZaXkn10yavQ==

esbuild-sunos-64@0.15.2:
  version "0.15.2"
  resolved "https://registry.yarnpkg.com/esbuild-sunos-64/-/esbuild-sunos-64-0.15.2.tgz#1250070037224c05efe9c22efc270c973180ac7a"
  integrity sha512-8xaprqT/rxfbxljQrd2A4iASOnw46eiieghh6JgzjlrXP/6kbhN3fe8IgQclcdu6SjDPmQvNSURQ5xCeVATpbQ==

esbuild-windows-32@0.15.2:
  version "0.15.2"
  resolved "https://registry.yarnpkg.com/esbuild-windows-32/-/esbuild-windows-32-0.15.2.tgz#5d34c29c57136e1a59f591fd610ff994b362f24c"
  integrity sha512-lGLNGBmDQ0gZphbUfxT7n6OO1l6iOQM2xnYN90+etzTWZeI76CYLbVPCZR+kp3vzyIRAbcsS6NtM4SknHAwEww==

esbuild-windows-64@0.15.2:
  version "0.15.2"
  resolved "https://registry.yarnpkg.com/esbuild-windows-64/-/esbuild-windows-64-0.15.2.tgz#504a70432aa75d3821acffb04c780f0872c5b585"
  integrity sha512-Rc6cUwOiQiGgpAxlCl8Lj3o2Ds4n3OU8UyoWpOBXmms+gXdwlKBzxjwj5FxrZJ6EveYpFqzDP07tbzOa9YpTKw==

esbuild-windows-arm64@0.15.2:
  version "0.15.2"
  resolved "https://registry.yarnpkg.com/esbuild-windows-arm64/-/esbuild-windows-arm64-0.15.2.tgz#512408052d4133c455d49ea871045fcf716ac3e1"
  integrity sha512-0bpQcIvd6TBIThA+nr9QsTfaU23Co5IPMlXmuNja6buDEu92b9im9ZMGV/BLF+jwKwG8/f1L/0Yfl9QzNuH4Eg==

esbuild@^0.15.2:
  version "0.15.2"
  resolved "https://registry.yarnpkg.com/esbuild/-/esbuild-0.15.2.tgz#b42f810d64598fbdff11e8eb43e6bdbc327eb37a"
  integrity sha512-iKfJsm2u5ATPI3x3sq/WrxISWhAZB/VpvygGG8Pr3q+xQhkIhyI737t+xUa71f50g0ioihQSGaHiQO5hbVDoSQ==
  optionalDependencies:
    "@esbuild/linux-loong64" "0.15.2"
    esbuild-android-64 "0.15.2"
    esbuild-android-arm64 "0.15.2"
    esbuild-darwin-64 "0.15.2"
    esbuild-darwin-arm64 "0.15.2"
    esbuild-freebsd-64 "0.15.2"
    esbuild-freebsd-arm64 "0.15.2"
    esbuild-linux-32 "0.15.2"
    esbuild-linux-64 "0.15.2"
    esbuild-linux-arm "0.15.2"
    esbuild-linux-arm64 "0.15.2"
    esbuild-linux-mips64le "0.15.2"
    esbuild-linux-ppc64le "0.15.2"
    esbuild-linux-riscv64 "0.15.2"
    esbuild-linux-s390x "0.15.2"
    esbuild-netbsd-64 "0.15.2"
    esbuild-openbsd-64 "0.15.2"
    esbuild-sunos-64 "0.15.2"
    esbuild-windows-32 "0.15.2"
    esbuild-windows-64 "0.15.2"
    esbuild-windows-arm64 "0.15.2"

escalade@^3.1.1:
  version "3.1.1"
  resolved "https://registry.yarnpkg.com/escalade/-/escalade-3.1.1.tgz#d8cfdc7000965c5a0174b4a82eaa5c0552742e40"
  integrity sha512-k0er2gUkLf8O0zKJiAhmkTnJlTvINGv7ygDNPbeIsX/TJjGJZHuh9B2UxbsaEkmlEo9MfhrSzmhIlhRlI2GXnw==

get-caller-file@^2.0.5:
  version "2.0.5"
  resolved "https://registry.yarnpkg.com/get-caller-file/-/get-caller-file-2.0.5.tgz#4f94412a82db32f36e3b0b9741f8a97feb031f7e"
  integrity sha512-DyFP3BM/3YHTQOCUL/w0OZHR0lpKeGrxotcHWcqNEdnltqFwXVfhEBQ94eIo34AfQpo0rGki4cyIiftY06h2Fg==

is-fullwidth-code-point@^3.0.0:
  version "3.0.0"
  resolved "https://registry.yarnpkg.com/is-fullwidth-code-point/-/is-fullwidth-code-point-3.0.0.tgz#f116f8064fe90b3f7844a38997c0b75051269f1d"
  integrity sha512-zymm5+u+sCsSWyD9qNaejV3DFvhCKclKdizYaJUuHA83RLjb7nSuGnddCHGv0hk+KY7BMAlsWeK4Ueg6EV6XQg==

require-directory@^2.1.1:
  version "2.1.1"
  resolved "https://registry.yarnpkg.com/require-directory/-/require-directory-2.1.1.tgz#8c64ad5fd30dab1c976e2344ffe7f792a6a6df42"
  integrity sha512-fGxEI7+wsG9xrvdjsrlmL22OMTTiHRwAMroiEeMgq8gzoLC/PQr7RsRDSTLUg/bZAZtF+TVIkHc6/4RIKrui+Q==

string-width@^4.1.0, string-width@^4.2.0, string-width@^4.2.3:
  version "4.2.3"
  resolved "https://registry.yarnpkg.com/string-width/-/string-width-4.2.3.tgz#269c7117d27b05ad2e536830a8ec895ef9c6d010"
  integrity sha512-wKyQRQpjJ0sIp62ErSZdGsjMJWsap5oRNihHhu6G7JVO/9jIB6UyevL+tXuOqrng8j/cxKTWyWUwvSTriiZz/g==
  dependencies:
    emoji-regex "^8.0.0"
    is-fullwidth-code-point "^3.0.0"
    strip-ansi "^6.0.1"

strip-ansi@^6.0.0, strip-ansi@^6.0.1:
  version "6.0.1"
  resolved "https://registry.yarnpkg.com/strip-ansi/-/strip-ansi-6.0.1.tgz#9e26c63d30f53443e9489495b2105d37b67a85d9"
  integrity sha512-Y38VPSHcqkFrCpFnQ9vuSXmquuv5oXOKpGeT6aGrr3o3Gc9AlVa6JBfUSOCnbxGGZF+/0ooI7KrPuUSztUdU5A==
  dependencies:
    ansi-regex "^5.0.1"

typescript@^4.7.4:
  version "4.7.4"
  resolved "https://registry.yarnpkg.com/typescript/-/typescript-4.7.4.tgz#1a88596d1cf47d59507a1bcdfb5b9dfe4d488235"
  integrity sha512-C0WQT0gezHuw6AdY1M2jxUO83Rjf0HP7Sk1DtXj6j1EwkQNZrHAg2XPWlq62oqEhYvONq5pkC2Y9oPljWToLmQ==

wrap-ansi@^7.0.0:
  version "7.0.0"
  resolved "https://registry.yarnpkg.com/wrap-ansi/-/wrap-ansi-7.0.0.tgz#67e145cff510a6a6984bdf1152911d69d2eb9e43"
  integrity sha512-YVGIj2kamLSTxw6NsZjoBxfSwsn0ycdesmc4p+Q21c5zPuZ1pl+NfxVdxPtdHvmNVOQ6XSYG4AUtyt/Fi7D16Q==
  dependencies:
    ansi-styles "^4.0.0"
    string-width "^4.1.0"
    strip-ansi "^6.0.0"

y18n@^5.0.5:
  version "5.0.8"
  resolved "https://registry.yarnpkg.com/y18n/-/y18n-5.0.8.tgz#7f4934d0f7ca8c56f95314939ddcd2dd91ce1d55"
  integrity sha512-0pfFzegeDWJHJIAmTLRP2DwHjdF5s7jo9tuztdQxAhINCdvS+3nGINqPd00AphqJR/0LhANUS6/+7SCb98YOfA==

yargs-parser@^21.0.0:
  version "21.1.1"
  resolved "https://registry.yarnpkg.com/yargs-parser/-/yargs-parser-21.1.1.tgz#9096bceebf990d21bb31fa9516e0ede294a77d35"
  integrity sha512-tVpsJW7DdjecAiFpbIB1e3qxIQsE6NoPc5/eTdrbbIC4h0LVsWhnoa3g+m2HclBIujHzsxZ4VJVA+GUuc2/LBw==

yargs@^17.5.1:
  version "17.5.1"
  resolved "https://registry.yarnpkg.com/yargs/-/yargs-17.5.1.tgz#e109900cab6fcb7fd44b1d8249166feb0b36e58e"
  integrity sha512-t6YAJcxDkNX7NFYiVtKvWUz8l+PaKTLiL63mJYWR2GnHq2gjEWISzsLp9wg3aY36dY1j+gfIEL3pIF+XlJJfbA==
  dependencies:
    cliui "^7.0.2"
    escalade "^3.1.1"
    get-caller-file "^2.0.5"
    require-directory "^2.1.1"
    string-width "^4.2.3"
    y18n "^5.0.5"
    yargs-parser "^21.0.0"
